
Microsoft Visual Studio Solution File, Format Version 12.00
# Visual Studio 15
VisualStudioVersion = 15.0.27703.2042
MinimumVisualStudioVersion = 10.0.40219.1
Project("{FAE04EC0-301F-11D3-BF4B-00C04F79EFBC}") = "MainAPI", "MainAPI\MainAPI.csproj", "{D77C0926-DF89-4D74-BE32-2657F94D6E01}"
EndProject
Global
	GlobalSection(SolutionConfigurationPlatforms) = preSolution
		Debug|Any CPU = Debug|Any CPU
		Release|Any CPU = Release|Any CPU
	EndGlobalSection
	GlobalSection(ProjectConfigurationPlatforms) = postSolution
		{D77C0926-DF89-4D74-BE32-2657F94D6E01}.Debug|Any CPU.ActiveCfg = Debug|Any CPU
		{D77C0926-DF89-4D74-BE32-2657F94D6E01}.Debug|Any CPU.Build.0 = Debug|Any CPU
		{D77C0926-DF89-4D74-BE32-2657F94D6E01}.Release|Any CPU.ActiveCfg = Release|Any CPU
		{D77C0926-DF89-4D74-BE32-2657F94D6E01}.Release|Any CPU.Build.0 = Release|Any CPU
	EndGlobalSection
	GlobalSection(SolutionProperties) = preSolution
		HideSolutionNode = FALSE
	EndGlobalSection
	GlobalSection(ExtensibilityGlobals) = postSolution
		SolutionGuid = {33A7AA49-FED6-44D1-BE07-7946F862F475}
	EndGlobalSection
EndGlobal
